
Microsoft Visual Studio Solution File, Format Version 12.00
# Visual Studio Version 16
VisualStudioVersion = 16.0.29123.88
MinimumVisualStudioVersion = 10.0.40219.1
Project("{FAE04EC0-301F-11D3-BF4B-00C04F79EFBC}") = "AutoSync", "AutoSync.csproj", "{51409DCE-80B7-49D8-8A1C-13A616B5CA96}"
EndProject
Global
	GlobalSection(SolutionConfigurationPlatforms) = preSolution
		Debug|Any CPU = Debug|Any CPU
		Release|Any CPU = Release|Any CPU
	EndGlobalSection
	GlobalSection(ProjectConfigurationPlatforms) = postSolution
		{51409DCE-80B7-49D8-8A1C-13A616B5CA96}.Debug|Any CPU.ActiveCfg = Debug|Any CPU
		{51409DCE-80B7-49D8-8A1C-13A616B5CA96}.Debug|Any CPU.Build.0 = Debug|Any CPU
		{51409DCE-80B7-49D8-8A1C-13A616B5CA96}.Release|Any CPU.ActiveCfg = Release|Any CPU
		{51409DCE-80B7-49D8-8A1C-13A616B5CA96}.Release|Any CPU.Build.0 = Release|Any CPU
	EndGlobalSection
	GlobalSection(SolutionProperties) = preSolution
		HideSolutionNode = FALSE
	EndGlobalSection
	GlobalSection(ExtensibilityGlobals) = postSolution
		SolutionGuid = {5EE3F48E-D0D3-43DD-80DF-BD008261DB04}
	EndGlobalSection
EndGlobal
